{
  "version": 4,
  "terraform_version": "1.11.4",
  "serial": 14,
  "lineage": "9e70f769-66bb-0bfe-a6e6-3c35eb6b996a",
  "outputs": {
    "debug_username": {
      "value": "master2022",
      "type": "string",
      "sensitive": true
    },
    "debug_userpassword": {
      "value": "J8F3LGa*7KU7ye",
      "type": "string",
      "sensitive": true
    },
    "servers": {
      "value": {
        "serverip": "192.168.199.122"
      },
      "type": [
        "object",
        {
          "serverip": "string"
        }
      ]
    }
  },
  "resources": [
    {
      "mode": "managed",
      "type": "openstack_compute_instance_v2",
      "name": "timofeev_server",
      "provider": "provider[\"registry.terraform.io/terraform-provider-openstack/openstack\"]",
      "instances": [
        {
          "schema_version": 0,
          "attributes": {
            "access_ip_v4": "192.168.199.122",
            "access_ip_v6": "",
            "admin_pass": null,
            "all_metadata": {},
            "all_tags": [],
            "availability_zone": "nova",
            "availability_zone_hints": null,
            "block_device": [],
            "config_drive": null,
            "created": "2025-04-14 22:37:35 +0000 UTC",
            "flavor_id": "2d059d23-a7ea-45ee-a1e0-2f97591520ae",
            "flavor_name": "m1.small",
            "floating_ip": null,
            "force_delete": false,
            "id": "40a6bcfc-8537-4365-a8b6-4f6bf2f1b036",
            "image_id": "d608627a-ef62-452d-8a74-1c307cbe276d",
            "image_name": "ununtu-22.04",
            "key_pair": "timofeevssh",
            "metadata": null,
            "name": "timofeev-server-trfm",
            "network": [
              {
                "access_network": false,
                "fixed_ip_v4": "192.168.199.122",
                "fixed_ip_v6": "",
                "floating_ip": "",
                "mac": "fa:16:3e:4f:b7:24",
                "name": "sutdents-net",
                "port": "",
                "uuid": "17eae9b6-2168-4a07-a0d3-66d5ad2a9f0e"
              }
            ],
            "network_mode": null,
            "personality": [],
            "power_state": "active",
            "region": "RegionOne",
            "scheduler_hints": [],
            "security_groups": [
              "security-group-trfm"
            ],
            "stop_before_destroy": false,
            "tags": [],
            "timeouts": null,
            "updated": "2025-04-14 22:37:46 +0000 UTC",
            "user_data": null,
            "vendor_options": [],
            "volume": []
          },
          "sensitive_attributes": [
            [
              {
                "type": "get_attr",
                "value": "admin_pass"
              }
            ]
          ],
          "private": "eyJlMmJmYjczMC1lY2FhLTExZTYtOGY4OC0zNDM2M2JjN2M0YzAiOnsiY3JlYXRlIjoxODAwMDAwMDAwMDAwLCJkZWxldGUiOjE4MDAwMDAwMDAwMDAsInVwZGF0ZSI6MTgwMDAwMDAwMDAwMH19",
          "dependencies": [
            "openstack_networking_secgroup_v2.secgr"
          ]
        }
      ]
    },
    {
      "mode": "managed",
      "type": "openstack_networking_secgroup_rule_v2",
      "name": "secgr_ssh_rule",
      "provider": "provider[\"registry.terraform.io/terraform-provider-openstack/openstack\"]",
      "instances": [
        {
          "schema_version": 0,
          "attributes": {
            "description": "",
            "direction": "ingress",
            "ethertype": "IPv4",
            "id": "814c8f08-ba40-4f70-98fe-5a6bec234843",
            "port_range_max": 22,
            "port_range_min": 22,
            "protocol": "tcp",
            "region": "RegionOne",
            "remote_group_id": "",
            "remote_ip_prefix": "0.0.0.0/0",
            "security_group_id": "9ad2f27d-ba8d-4bb8-815a-c4498f04e671",
            "tenant_id": "a02aed7892fa45d0bc2bef3b8a08a6e9",
            "timeouts": null
          },
          "sensitive_attributes": [],
          "private": "eyJlMmJmYjczMC1lY2FhLTExZTYtOGY4OC0zNDM2M2JjN2M0YzAiOnsiZGVsZXRlIjo2MDAwMDAwMDAwMDB9fQ==",
          "dependencies": [
            "openstack_networking_secgroup_v2.secgr"
          ]
        }
      ]
    },
    {
      "mode": "managed",
      "type": "openstack_networking_secgroup_v2",
      "name": "secgr",
      "provider": "provider[\"registry.terraform.io/terraform-provider-openstack/openstack\"]",
      "instances": [
        {
          "schema_version": 0,
          "attributes": {
            "all_tags": [],
            "delete_default_rules": null,
            "description": "",
            "id": "9ad2f27d-ba8d-4bb8-815a-c4498f04e671",
            "name": "security-group-trfm",
            "region": "RegionOne",
            "tags": [],
            "tenant_id": "a02aed7892fa45d0bc2bef3b8a08a6e9",
            "timeouts": null
          },
          "sensitive_attributes": [],
          "private": "eyJlMmJmYjczMC1lY2FhLTExZTYtOGY4OC0zNDM2M2JjN2M0YzAiOnsiZGVsZXRlIjo2MDAwMDAwMDAwMDB9fQ=="
        }
      ]
    }
  ],
  "check_results": null
}
